{
  "version": 4,
  "terraform_version": "1.6.4",
  "serial": 6,
  "lineage": "68acbbae-5113-1ad3-24d9-3cf5d0d928e7",
  "outputs": {},
  "resources": [
    {
      "mode": "managed",
      "type": "azurerm_app_service",
      "name": "the-frijoles-web-app-1",
      "provider": "provider[\"registry.terraform.io/hashicorp/azurerm\"]",
      "instances": [
        {
          "schema_version": 0,
          "attributes": {
            "app_service_plan_id": "/subscriptions/b892ab8c-2c38-478a-8b8b-887ddc61d17d/resourceGroups/rg-the-frijoles2/providers/Microsoft.Web/serverfarms/the-frijoles-app-service-plan",
            "app_settings": {
              "WEBSITE_NODE_DEFAULT_VERSION": "6.9.1"
            },
            "auth_settings": [
              {
                "active_directory": [],
                "additional_login_params": {},
                "allowed_external_redirect_urls": [],
                "default_provider": "",
                "enabled": false,
                "facebook": [],
                "google": [],
                "issuer": "",
                "microsoft": [],
                "runtime_version": "",
                "token_refresh_extension_hours": 0,
                "token_store_enabled": false,
                "twitter": [],
                "unauthenticated_client_action": ""
              }
            ],
            "backup": [],
            "client_affinity_enabled": false,
            "client_cert_enabled": false,
            "client_cert_mode": "Required",
            "connection_string": [],
            "custom_domain_verification_id": "83CD0DBE948AD930C3015068EEBD52BD8447341EE2C99129932273AE244687F1",
            "default_site_hostname": "the-frijoles-web-app-1.azurewebsites.net",
            "enabled": true,
            "https_only": false,
            "id": "/subscriptions/b892ab8c-2c38-478a-8b8b-887ddc61d17d/resourceGroups/rg-the-frijoles2/providers/Microsoft.Web/sites/the-frijoles-web-app-1",
            "identity": [],
            "key_vault_reference_identity_id": "SystemAssigned",
            "location": "eastus",
            "logs": [
              {
                "application_logs": [
                  {
                    "azure_blob_storage": [],
                    "file_system_level": "Off"
                  }
                ],
                "detailed_error_messages_enabled": false,
                "failed_request_tracing_enabled": false,
                "http_logs": [
                  {
                    "azure_blob_storage": [],
                    "file_system": []
                  }
                ]
              }
            ],
            "name": "the-frijoles-web-app-1",
            "outbound_ip_address_list": [
              "52.149.248.192",
              "52.226.98.175",
              "52.226.98.216",
              "52.149.184.133",
              "52.226.99.54",
              "52.226.99.58",
              "20.49.104.10"
            ],
            "outbound_ip_addresses": "52.149.248.192,52.226.98.175,52.226.98.216,52.149.184.133,52.226.99.54,52.226.99.58,20.49.104.10",
            "possible_outbound_ip_address_list": [
              "52.149.248.192",
              "52.226.98.175",
              "52.226.98.216",
              "52.149.184.133",
              "52.226.99.54",
              "52.226.99.58",
              "52.226.99.65",
              "52.186.38.56",
              "40.88.16.66",
              "40.88.23.108",
              "52.224.135.234",
              "52.151.240.130",
              "52.226.99.68",
              "52.226.99.110",
              "52.226.99.115",
              "52.226.99.127",
              "52.226.99.153",
              "52.226.99.207",
              "52.226.100.84",
              "52.226.100.121",
              "52.226.100.138",
              "52.226.100.176",
              "52.226.101.50",
              "52.226.101.81",
              "52.191.99.133",
              "52.226.96.208",
              "52.226.101.102",
              "52.147.211.11",
              "52.147.211.97",
              "52.147.211.226",
              "20.49.104.10"
            ],
            "possible_outbound_ip_addresses": "52.149.248.192,52.226.98.175,52.226.98.216,52.149.184.133,52.226.99.54,52.226.99.58,52.226.99.65,52.186.38.56,40.88.16.66,40.88.23.108,52.224.135.234,52.151.240.130,52.226.99.68,52.226.99.110,52.226.99.115,52.226.99.127,52.226.99.153,52.226.99.207,52.226.100.84,52.226.100.121,52.226.100.138,52.226.100.176,52.226.101.50,52.226.101.81,52.191.99.133,52.226.96.208,52.226.101.102,52.147.211.11,52.147.211.97,52.147.211.226,20.49.104.10",
            "resource_group_name": "rg-the-frijoles2",
            "site_config": [
              {
                "acr_use_managed_identity_credentials": false,
                "acr_user_managed_identity_client_id": "",
                "always_on": false,
                "app_command_line": "",
                "auto_swap_slot_name": "",
                "cors": [
                  {
                    "allowed_origins": [],
                    "support_credentials": false
                  }
                ],
                "default_documents": null,
                "dotnet_framework_version": "v5.0",
                "ftps_state": "FtpsOnly",
                "health_check_path": "",
                "http2_enabled": false,
                "ip_restriction": [],
                "java_container": "",
                "java_container_version": "",
                "java_version": "",
                "linux_fx_version": "",
                "local_mysql_enabled": false,
                "managed_pipeline_mode": "Integrated",
                "min_tls_version": "1.2",
                "number_of_workers": 1,
                "php_version": "",
                "python_version": "",
                "remote_debugging_enabled": false,
                "remote_debugging_version": "VS2019",
                "scm_ip_restriction": [],
                "scm_type": "LocalGit",
                "scm_use_main_ip_restriction": false,
                "use_32_bit_worker_process": false,
                "vnet_route_all_enabled": false,
                "websockets_enabled": false,
                "windows_fx_version": ""
              }
            ],
            "site_credential": [
              {
                "password": "hbYatWqAlm7i3Hufh1v9MYMcg9j1DttBaTuYjX10BKNSkLFBJPi6YBZdClsG",
                "username": "$the-frijoles-web-app-1"
              }
            ],
            "source_control": [
              {
                "branch": "main",
                "manual_integration": false,
                "repo_url": "https://the-frijoles-web-app-1.scm.azurewebsites.net",
                "rollback_enabled": false,
                "use_mercurial": false
              }
            ],
            "storage_account": [],
            "tags": null,
            "timeouts": null
          },
          "sensitive_attributes": [],
          "private": "eyJlMmJmYjczMC1lY2FhLTExZTYtOGY4OC0zNDM2M2JjN2M0YzAiOnsiY3JlYXRlIjoxODAwMDAwMDAwMDAwLCJkZWxldGUiOjE4MDAwMDAwMDAwMDAsInJlYWQiOjMwMDAwMDAwMDAwMCwidXBkYXRlIjoxODAwMDAwMDAwMDAwfX0=",
          "dependencies": [
            "azurerm_app_service_plan.app-service-plan-the-frijoles",
            "azurerm_resource_group.rg"
          ]
        }
      ]
    },
    {
      "mode": "managed",
      "type": "azurerm_app_service",
      "name": "the-frijoles-web-app-2",
      "provider": "provider[\"registry.terraform.io/hashicorp/azurerm\"]",
      "instances": [
        {
          "schema_version": 0,
          "attributes": {
            "app_service_plan_id": "/subscriptions/b892ab8c-2c38-478a-8b8b-887ddc61d17d/resourceGroups/rg-the-frijoles2/providers/Microsoft.Web/serverfarms/the-frijoles-app-service-plan",
            "app_settings": {
              "WEBSITE_NODE_DEFAULT_VERSION": "6.9.1"
            },
            "auth_settings": [
              {
                "active_directory": [],
                "additional_login_params": {},
                "allowed_external_redirect_urls": [],
                "default_provider": "",
                "enabled": false,
                "facebook": [],
                "google": [],
                "issuer": "",
                "microsoft": [],
                "runtime_version": "",
                "token_refresh_extension_hours": 0,
                "token_store_enabled": false,
                "twitter": [],
                "unauthenticated_client_action": ""
              }
            ],
            "backup": [],
            "client_affinity_enabled": false,
            "client_cert_enabled": false,
            "client_cert_mode": "Required",
            "connection_string": [],
            "custom_domain_verification_id": "83CD0DBE948AD930C3015068EEBD52BD8447341EE2C99129932273AE244687F1",
            "default_site_hostname": "the-frijoles-web-app-2.azurewebsites.net",
            "enabled": true,
            "https_only": false,
            "id": "/subscriptions/b892ab8c-2c38-478a-8b8b-887ddc61d17d/resourceGroups/rg-the-frijoles2/providers/Microsoft.Web/sites/the-frijoles-web-app-2",
            "identity": [],
            "key_vault_reference_identity_id": "SystemAssigned",
            "location": "eastus",
            "logs": [
              {
                "application_logs": [
                  {
                    "azure_blob_storage": [],
                    "file_system_level": "Off"
                  }
                ],
                "detailed_error_messages_enabled": false,
                "failed_request_tracing_enabled": false,
                "http_logs": [
                  {
                    "azure_blob_storage": [],
                    "file_system": []
                  }
                ]
              }
            ],
            "name": "the-frijoles-web-app-2",
            "outbound_ip_address_list": [
              "52.149.248.192",
              "52.226.98.175",
              "52.226.98.216",
              "52.149.184.133",
              "52.226.99.54",
              "52.226.99.58",
              "20.49.104.10"
            ],
            "outbound_ip_addresses": "52.149.248.192,52.226.98.175,52.226.98.216,52.149.184.133,52.226.99.54,52.226.99.58,20.49.104.10",
            "possible_outbound_ip_address_list": [
              "52.149.248.192",
              "52.226.98.175",
              "52.226.98.216",
              "52.149.184.133",
              "52.226.99.54",
              "52.226.99.58",
              "52.226.99.65",
              "52.186.38.56",
              "40.88.16.66",
              "40.88.23.108",
              "52.224.135.234",
              "52.151.240.130",
              "52.226.99.68",
              "52.226.99.110",
              "52.226.99.115",
              "52.226.99.127",
              "52.226.99.153",
              "52.226.99.207",
              "52.226.100.84",
              "52.226.100.121",
              "52.226.100.138",
              "52.226.100.176",
              "52.226.101.50",
              "52.226.101.81",
              "52.191.99.133",
              "52.226.96.208",
              "52.226.101.102",
              "52.147.211.11",
              "52.147.211.97",
              "52.147.211.226",
              "20.49.104.10"
            ],
            "possible_outbound_ip_addresses": "52.149.248.192,52.226.98.175,52.226.98.216,52.149.184.133,52.226.99.54,52.226.99.58,52.226.99.65,52.186.38.56,40.88.16.66,40.88.23.108,52.224.135.234,52.151.240.130,52.226.99.68,52.226.99.110,52.226.99.115,52.226.99.127,52.226.99.153,52.226.99.207,52.226.100.84,52.226.100.121,52.226.100.138,52.226.100.176,52.226.101.50,52.226.101.81,52.191.99.133,52.226.96.208,52.226.101.102,52.147.211.11,52.147.211.97,52.147.211.226,20.49.104.10",
            "resource_group_name": "rg-the-frijoles2",
            "site_config": [
              {
                "acr_use_managed_identity_credentials": false,
                "acr_user_managed_identity_client_id": "",
                "always_on": false,
                "app_command_line": "",
                "auto_swap_slot_name": "",
                "cors": [
                  {
                    "allowed_origins": [],
                    "support_credentials": false
                  }
                ],
                "default_documents": null,
                "dotnet_framework_version": "v5.0",
                "ftps_state": "FtpsOnly",
                "health_check_path": "",
                "http2_enabled": false,
                "ip_restriction": [],
                "java_container": "",
                "java_container_version": "",
                "java_version": "",
                "linux_fx_version": "",
                "local_mysql_enabled": false,
                "managed_pipeline_mode": "Integrated",
                "min_tls_version": "1.2",
                "number_of_workers": 1,
                "php_version": "",
                "python_version": "",
                "remote_debugging_enabled": false,
                "remote_debugging_version": "VS2019",
                "scm_ip_restriction": [],
                "scm_type": "LocalGit",
                "scm_use_main_ip_restriction": false,
                "use_32_bit_worker_process": false,
                "vnet_route_all_enabled": false,
                "websockets_enabled": false,
                "windows_fx_version": ""
              }
            ],
            "site_credential": [
              {
                "password": "EQNJmul1fwLNXFLogFdjbkQF2Mc4k6ociAM1YAnm5qa0t6Eqq4wNvvmwRhH9",
                "username": "$the-frijoles-web-app-2"
              }
            ],
            "source_control": [
              {
                "branch": "main",
                "manual_integration": false,
                "repo_url": "https://the-frijoles-web-app-2.scm.azurewebsites.net",
                "rollback_enabled": false,
                "use_mercurial": false
              }
            ],
            "storage_account": [],
            "tags": null,
            "timeouts": null
          },
          "sensitive_attributes": [],
          "private": "eyJlMmJmYjczMC1lY2FhLTExZTYtOGY4OC0zNDM2M2JjN2M0YzAiOnsiY3JlYXRlIjoxODAwMDAwMDAwMDAwLCJkZWxldGUiOjE4MDAwMDAwMDAwMDAsInJlYWQiOjMwMDAwMDAwMDAwMCwidXBkYXRlIjoxODAwMDAwMDAwMDAwfX0=",
          "dependencies": [
            "azurerm_app_service_plan.app-service-plan-the-frijoles",
            "azurerm_resource_group.rg"
          ]
        }
      ]
    },
    {
      "mode": "managed",
      "type": "azurerm_app_service_plan",
      "name": "app-service-plan-the-frijoles",
      "provider": "provider[\"registry.terraform.io/hashicorp/azurerm\"]",
      "instances": [
        {
          "schema_version": 0,
          "attributes": {
            "app_service_environment_id": "",
            "id": "/subscriptions/b892ab8c-2c38-478a-8b8b-887ddc61d17d/resourceGroups/rg-the-frijoles2/providers/Microsoft.Web/serverfarms/the-frijoles-app-service-plan",
            "is_xenon": false,
            "kind": "Windows",
            "location": "eastus",
            "maximum_elastic_worker_count": 1,
            "maximum_number_of_workers": 10,
            "name": "the-frijoles-app-service-plan",
            "per_site_scaling": false,
            "reserved": false,
            "resource_group_name": "rg-the-frijoles2",
            "sku": [
              {
                "capacity": 1,
                "size": "S1",
                "tier": "Standard"
              }
            ],
            "tags": null,
            "timeouts": null,
            "zone_redundant": false
          },
          "sensitive_attributes": [],
          "private": "eyJlMmJmYjczMC1lY2FhLTExZTYtOGY4OC0zNDM2M2JjN2M0YzAiOnsiY3JlYXRlIjozNjAwMDAwMDAwMDAwLCJkZWxldGUiOjM2MDAwMDAwMDAwMDAsInJlYWQiOjMwMDAwMDAwMDAwMCwidXBkYXRlIjozNjAwMDAwMDAwMDAwfX0=",
          "dependencies": [
            "azurerm_resource_group.rg"
          ]
        }
      ]
    },
    {
      "mode": "managed",
      "type": "azurerm_resource_group",
      "name": "rg",
      "provider": "provider[\"registry.terraform.io/hashicorp/azurerm\"]",
      "instances": [
        {
          "schema_version": 0,
          "attributes": {
            "id": "/subscriptions/b892ab8c-2c38-478a-8b8b-887ddc61d17d/resourceGroups/rg-the-frijoles2",
            "location": "eastus",
            "name": "rg-the-frijoles2",
            "tags": null,
            "timeouts": null
          },
          "sensitive_attributes": [],
          "private": "eyJlMmJmYjczMC1lY2FhLTExZTYtOGY4OC0zNDM2M2JjN2M0YzAiOnsiY3JlYXRlIjo1NDAwMDAwMDAwMDAwLCJkZWxldGUiOjU0MDAwMDAwMDAwMDAsInJlYWQiOjMwMDAwMDAwMDAwMCwidXBkYXRlIjo1NDAwMDAwMDAwMDAwfX0="
        }
      ]
    }
  ],
  "check_results": null
}
